
Microsoft Visual Studio Solution File, Format Version 12.00
# Visual Studio Version 16
VisualStudioVersion = 16.0.32510.428
MinimumVisualStudioVersion = 10.0.40219.1
Project("{FAE04EC0-301F-11D3-BF4B-00C04F79EFBC}") = "CloudDemoWebApplication", "CloudDemoWebApplication\CloudDemoWebApplication.csproj", "{BC726C81-1222-4A3D-85CC-3E2592128A2F}"
EndProject
Global
	GlobalSection(SolutionConfigurationPlatforms) = preSolution
		Debug|Any CPU = Debug|Any CPU
		Release|Any CPU = Release|Any CPU
	EndGlobalSection
	GlobalSection(ProjectConfigurationPlatforms) = postSolution
		{BC726C81-1222-4A3D-85CC-3E2592128A2F}.Debug|Any CPU.ActiveCfg = Debug|Any CPU
		{BC726C81-1222-4A3D-85CC-3E2592128A2F}.Debug|Any CPU.Build.0 = Debug|Any CPU
		{BC726C81-1222-4A3D-85CC-3E2592128A2F}.Release|Any CPU.ActiveCfg = Release|Any CPU
		{BC726C81-1222-4A3D-85CC-3E2592128A2F}.Release|Any CPU.Build.0 = Release|Any CPU
	EndGlobalSection
	GlobalSection(SolutionProperties) = preSolution
		HideSolutionNode = FALSE
	EndGlobalSection
	GlobalSection(ExtensibilityGlobals) = postSolution
		SolutionGuid = {8A8ADFAC-832C-4F85-9B96-35C7FE34318C}
	EndGlobalSection
EndGlobal
